{
  "lockfile-version": 0,
  "manifest": {
    "hook": {},
    "install": {
      "nodejs": {
        "pkg-path": "nodejs"
      },
      "wrangler": {
        "pkg-path": "wrangler"
      }
    },
    "options": {
      "systems": [
        "aarch64-darwin"
      ]
    },
    "profile": {
      "common": "  # Autogenerated by flox\n\n  # Install nodejs depedencies\n  npm install\n\n  # End autogenerated by flox\n"
    },
    "registry": {
      "defaults": {
        "subtrees": null
      },
      "inputs": {
        "nixpkgs": {
          "from": {
            "owner": "NixOS",
            "ref": "release-23.11",
            "repo": "nixpkgs",
            "type": "github"
          },
          "subtrees": [
            "legacyPackages"
          ]
        }
      },
      "priority": [
        "nixpkgs"
      ]
    },
    "vars": {}
  },
  "packages": {
    "aarch64-darwin": {
      "nodejs": {
        "attr-path": [
          "legacyPackages",
          "aarch64-darwin",
          "nodejs"
        ],
        "info": {
          "broken": false,
          "description": "Event-driven I/O framework for the V8 JavaScript engine",
          "license": "MIT",
          "pname": "nodejs",
          "unfree": false,
          "version": "18.19.1"
        },
        "input": {
          "attrs": {
            "lastModified": 1712136707,
            "narHash": "sha256-8mHY6d6aGnkDsr+zq1HWjEOCis/QN9WBSX6uQDSIFPY=",
            "owner": "NixOS",
            "repo": "nixpkgs",
            "rev": "4d56ff08cf00686829f188d7fcc2f0ad4908c5bd",
            "type": "github"
          },
          "fingerprint": "b7deaf3a74b272939c3238132cb63e1486156b6f78e47352e1f451e174443a9e",
          "url": "github:NixOS/nixpkgs/4d56ff08cf00686829f188d7fcc2f0ad4908c5bd"
        },
        "priority": 5
      },
      "wrangler": {
        "attr-path": [
          "legacyPackages",
          "aarch64-darwin",
          "wrangler"
        ],
        "info": {
          "broken": false,
          "description": "Command-line interface for all things Cloudflare Workers",
          "license": null,
          "pname": "wrangler",
          "unfree": false,
          "version": "3.15.0"
        },
        "input": {
          "attrs": {
            "lastModified": 1712136707,
            "narHash": "sha256-8mHY6d6aGnkDsr+zq1HWjEOCis/QN9WBSX6uQDSIFPY=",
            "owner": "NixOS",
            "repo": "nixpkgs",
            "rev": "4d56ff08cf00686829f188d7fcc2f0ad4908c5bd",
            "type": "github"
          },
          "fingerprint": "b7deaf3a74b272939c3238132cb63e1486156b6f78e47352e1f451e174443a9e",
          "url": "github:NixOS/nixpkgs/4d56ff08cf00686829f188d7fcc2f0ad4908c5bd"
        },
        "priority": 5
      }
    }
  },
  "registry": {
    "defaults": {
      "subtrees": null
    },
    "inputs": {
      "nixpkgs": {
        "from": {
          "lastModified": 1712136707,
          "narHash": "sha256-8mHY6d6aGnkDsr+zq1HWjEOCis/QN9WBSX6uQDSIFPY=",
          "owner": "NixOS",
          "repo": "nixpkgs",
          "rev": "4d56ff08cf00686829f188d7fcc2f0ad4908c5bd",
          "type": "github"
        },
        "subtrees": [
          "legacyPackages"
        ]
      }
    },
    "priority": [
      "nixpkgs"
    ]
  }
}